// !$*UTF8*$!
{
	archiveVersion = 1;
	classes = {
	};
	objectVersion = 46;
	objects = {

/* Begin PBXBuildFile section */
		290FDFE31D6E0E9700D2B49A /* AppDelegate.swift in Sources */ = {isa = PBXBuildFile; fileRef = 290FDFE21D6E0E9700D2B49A /* AppDelegate.swift */; };
		290FDFE51D6E0E9700D2B49A /* HomeViewController.swift in Sources */ = {isa = PBXBuildFile; fileRef = 290FDFE41D6E0E9700D2B49A /* HomeViewController.swift */; };
		290FDFE81D6E0E9700D2B49A /* Main.storyboard in Resources */ = {isa = PBXBuildFile; fileRef = 290FDFE61D6E0E9700D2B49A /* Main.storyboard */; };
		290FDFEA1D6E0E9700D2B49A /* Assets.xcassets in Resources */ = {isa = PBXBuildFile; fileRef = 290FDFE91D6E0E9700D2B49A /* Assets.xcassets */; };
		290FDFED1D6E0E9700D2B49A /* LaunchScreen.storyboard in Resources */ = {isa = PBXBuildFile; fileRef = 290FDFEB1D6E0E9700D2B49A /* LaunchScreen.storyboard */; };
		29B3506E1D6E2D5600B1AF45 /* VoterSessionCodeViewController.swift in Sources */ = {isa = PBXBuildFile; fileRef = 29B3506D1D6E2D5600B1AF45 /* VoterSessionCodeViewController.swift */; };
/* End PBXBuildFile section */

/* Begin PBXFileReference section */
		290FDFDF1D6E0E9700D2B49A /* GulfstreamProject.app */ = {isa = PBXFileReference; explicitFileType = wrapper.application; includeInIndex = 0; path = GulfstreamProject.app; sourceTree = BUILT_PRODUCTS_DIR; };
		290FDFE21D6E0E9700D2B49A /* AppDelegate.swift */ = {isa = PBXFileReference; lastKnownFileType = sourcecode.swift; path = AppDelegate.swift; sourceTree = "<group>"; };
		290FDFE41D6E0E9700D2B49A /* HomeViewController.swift */ = {isa = PBXFileReference; lastKnownFileType = sourcecode.swift; path = HomeViewController.swift; sourceTree = "<group>"; };
		290FDFE71D6E0E9700D2B49A /* Base */ = {isa = PBXFileReference; lastKnownFileType = file.storyboard; name = Base; path = Base.lproj/Main.storyboard; sourceTree = "<group>"; };
		290FDFE91D6E0E9700D2B49A /* Assets.xcassets */ = {isa = PBXFileReference; lastKnownFileType = folder.assetcatalog; path = Assets.xcassets; sourceTree = "<group>"; };
		290FDFEC1D6E0E9700D2B49A /* Base */ = {isa = PBXFileReference; lastKnownFileType = file.storyboard; name = Base; path = Base.lproj/LaunchScreen.storyboard; sourceTree = "<group>"; };
		290FDFEE1D6E0E9700D2B49A /* Info.plist */ = {isa = PBXFileReference; lastKnownFileType = text.plist.xml; path = Info.plist; sourceTree = "<group>"; };
		29B3506D1D6E2D5600B1AF45 /* VoterSessionCodeViewController.swift */ = {isa = PBXFileReference; fileEncoding = 4; lastKnownFileType = sourcecode.swift; path = VoterSessionCodeViewController.swift; sourceTree = "<group>"; };
/* End PBXFileReference section */

/* Begin PBXFrameworksBuildPhase section */
		290FDFDC1D6E0E9700D2B49A /* Frameworks */ = {
			isa = PBXFrameworksBuildPhase;
			buildActionMask = 2147483647;
			files = (
			);
			runOnlyForDeploymentPostprocessing = 0;
		};
/* End PBXFrameworksBuildPhase section */

/* Begin PBXGroup section */
		290FDFD61D6E0E9700D2B49A = {
			isa = PBXGroup;
			children = (
				290FDFE11D6E0E9700D2B49A /* GulfstreamProject */,
				290FDFE01D6E0E9700D2B49A /* Products */,
			);
			sourceTree = "<group>";
		};
		290FDFE01D6E0E9700D2B49A /* Products */ = {
			isa = PBXGroup;
			children = (
				290FDFDF1D6E0E9700D2B49A /* GulfstreamProject.app */,
			);
			name = Products;
			sourceTree = "<group>";
		};
		290FDFE11D6E0E9700D2B49A /* GulfstreamProject */ = {
			isa = PBXGroup;
			children = (
				290FDFE21D6E0E9700D2B49A /* AppDelegate.swift */,
				290FDFE41D6E0E9700D2B49A /* HomeViewController.swift */,
				290FDFE61D6E0E9700D2B49A /* Main.storyboard */,
				290FDFE91D6E0E9700D2B49A /* Assets.xcassets */,
				290FDFEB1D6E0E9700D2B49A /* LaunchScreen.storyboard */,
				290FDFEE1D6E0E9700D2B49A /* Info.plist */,
				29B3506D1D6E2D5600B1AF45 /* VoterSessionCodeViewController.swift */,
			);
			path = GulfstreamProject;
			sourceTree = "<group>";
		};
/* End PBXGroup section */

/* Begin PBXNativeTarget section */
		290FDFDE1D6E0E9700D2B49A /* GulfstreamProject */ = {
			isa = PBXNativeTarget;
			buildConfigurationList = 290FDFF11D6E0E9700D2B49A /* Build configuration list for PBXNativeTarget "GulfstreamProject" */;
			buildPhases = (
				290FDFDB1D6E0E9700D2B49A /* Sources */,
				290FDFDC1D6E0E9700D2B49A /* Frameworks */,
				290FDFDD1D6E0E9700D2B49A /* Resources */,
			);
			buildRules = (
			);
			dependencies = (
			);
			name = GulfstreamProject;
			productName = GulfstreamProject;
			productReference = 290FDFDF1D6E0E9700D2B49A /* GulfstreamProject.app */;
			productType = "com.apple.product-type.application";
		};
/* End PBXNativeTarget section */

/* Begin PBXProject section */
		290FDFD71D6E0E9700D2B49A /* Project object */ = {
			isa = PBXProject;
			attributes = {
				LastSwiftUpdateCheck = 0730;
				LastUpgradeCheck = 0730;
				ORGANIZATIONNAME = Armstrong;
				TargetAttributes = {
					290FDFDE1D6E0E9700D2B49A = {
						CreatedOnToolsVersion = 7.3.1;
					};
				};
			};
			buildConfigurationList = 290FDFDA1D6E0E9700D2B49A /* Build configuration list for PBXProject "GulfstreamProject" */;
			compatibilityVersion = "Xcode 3.2";
			developmentRegion = English;
			hasScannedForEncodings = 0;
			knownRegions = (
				en,
				Base,
			);
			mainGroup = 290FDFD61D6E0E9700D2B49A;
			productRefGroup = 290FDFE01D6E0E9700D2B49A /* Products */;
			projectDirPath = "";
			projectRoot = "";
			targets = (
				290FDFDE1D6E0E9700D2B49A /* GulfstreamProject */,
			);
		};
/* End PBXProject section */

/* Begin PBXResourcesBuildPhase section */
		290FDFDD1D6E0E9700D2B49A /* Resources */ = {
			isa = PBXResourcesBuildPhase;
			buildActionMask = 2147483647;
			files = (
				290FDFED1D6E0E9700D2B49A /* LaunchScreen.storyboard in Resources */,
				290FDFEA1D6E0E9700D2B49A /* Assets.xcassets in Resources */,
				290FDFE81D6E0E9700D2B49A /* Main.storyboard in Resources */,
			);
			runOnlyForDeploymentPostprocessing = 0;
		};
/* End PBXResourcesBuildPhase section */

/* Begin PBXSourcesBuildPhase section */
		290FDFDB1D6E0E9700D2B49A /* Sources */ = {
			isa = PBXSourcesBuildPhase;
			buildActionMask = 2147483647;
			files = (
				290FDFE51D6E0E9700D2B49A /* HomeViewController.swift in Sources */,
				290FDFE31D6E0E9700D2B49A /* AppDelegate.swift in Sources */,
				29B3506E1D6E2D5600B1AF45 /* VoterSessionCodeViewController.swift in Sources */,
			);
			runOnlyForDeploymentPostprocessing = 0;
		};
/* End PBXSourcesBuildPhase section */

/* Begin PBXVariantGroup section */
		290FDFE61D6E0E9700D2B49A /* Main.storyboard */ = {
			isa = PBXVariantGroup;
			children = (
				290FDFE71D6E0E9700D2B49A /* Base */,
			);
			name = Main.storyboard;
			sourceTree = "<group>";
		};
		290FDFEB1D6E0E9700D2B49A /* LaunchScreen.storyboard */ = {
			isa = PBXVariantGroup;
			children = (
				290FDFEC1D6E0E9700D2B49A /* Base */,
			);
			name = LaunchScreen.storyboard;
			sourceTree = "<group>";
		};
/* End PBXVariantGroup section */

/* Begin XCBuildConfiguration section */
		290FDFEF1D6E0E9700D2B49A /* Debug */ = {
			isa = XCBuildConfiguration;
			buildSettings = {
				ALWAYS_SEARCH_USER_PATHS = NO;
				CLANG_ANALYZER_NONNULL = YES;
				CLANG_CXX_LANGUAGE_STANDARD = "gnu++0x";
				CLANG_CXX_LIBRARY = "libc++";
				CLANG_ENABLE_MODULES = YES;
				CLANG_ENABLE_OBJC_ARC = YES;
				CLANG_WARN_BOOL_CONVERSION = YES;
				CLANG_WARN_CONSTANT_CONVERSION = YES;
				CLANG_WARN_DIRECT_OBJC_ISA_USAGE = YES_ERROR;
				CLANG_WARN_EMPTY_BODY = YES;
				CLANG_WARN_ENUM_CONVERSION = YES;
				CLANG_WARN_INT_CONVERSION = YES;
				CLANG_WARN_OBJC_ROOT_CLASS = YES_ERROR;
				CLANG_WARN_UNREACHABLE_CODE = YES;
				CLANG_WARN__DUPLICATE_METHOD_MATCH = YES;
				"CODE_SIGN_IDENTITY[sdk=iphoneos*]" = "iPhone Developer";
				COPY_PHASE_STRIP = NO;
				DEBUG_INFORMATION_FORMAT = dwarf;
				ENABLE_STRICT_OBJC_MSGSEND = YES;
				ENABLE_TESTABILITY = YES;
				GCC_C_LANGUAGE_STANDARD = gnu99;
				GCC_DYNAMIC_NO_PIC = NO;
				GCC_NO_COMMON_BLOCKS = YES;
				GCC_OPTIMIZATION_LEVEL = 0;
				GCC_PREPROCESSOR_DEFINITIONS = (
					"DEBUG=1",
					"$(inherited)",
				);
				GCC_WARN_64_TO_32_BIT_CONVERSION = YES;
				GCC_WARN_ABOUT_RETURN_TYPE = YES_ERROR;
				GCC_WARN_UNDECLARED_SELECTOR = YES;
				GCC_WARN_UNINITIALIZED_AUTOS = YES_AGGRESSIVE;
				GCC_WARN_UNUSED_FUNCTION = YES;
				GCC_WARN_UNUSED_VARIABLE = YES;
				IPHONEOS_DEPLOYMENT_TARGET = 9.3;
				MTL_ENABLE_DEBUG_INFO = YES;
				ONLY_ACTIVE_ARCH = YES;
				SDKROOT = iphoneos;
				SWIFT_OPTIMIZATION_LEVEL = "-Onone";
				TARGETED_DEVICE_FAMILY = "1,2";
			};
			name = Debug;
		};
		290FDFF01D6E0E9700D2B49A /* Release */ = {
			isa = XCBuildConfiguration;
			buildSettings = {
				ALWAYS_SEARCH_USER_PATHS = NO;
				CLANG_ANALYZER_NONNULL = YES;
				CLANG_CXX_LANGUAGE_STANDARD = "gnu++0x";
				CLANG_CXX_LIBRARY = "libc++";
				CLANG_ENABLE_MODULES = YES;
				CLANG_ENABLE_OBJC_ARC = YES;
				CLANG_WARN_BOOL_CONVERSION = YES;
				CLANG_WARN_CONSTANT_CONVERSION = YES;
				CLANG_WARN_DIRECT_OBJC_ISA_USAGE = YES_ERROR;
				CLANG_WARN_EMPTY_BODY = YES;
				CLANG_WARN_ENUM_CONVERSION = YES;
				CLANG_WARN_INT_CONVERSION = YES;
				CLANG_WARN_OBJC_ROOT_CLASS = YES_ERROR;
				CLANG_WARN_UNREACHABLE_CODE = YES;
				CLANG_WARN__DUPLICATE_METHOD_MATCH = YES;
				"CODE_SIGN_IDENTITY[sdk=iphoneos*]" = "iPhone Developer";
				COPY_PHASE_STRIP = NO;
				DEBUG_INFORMATION_FORMAT = "dwarf-with-dsym";
				ENABLE_NS_ASSERTIONS = NO;
				ENABLE_STRICT_OBJC_MSGSEND = YES;
				GCC_C_LANGUAGE_STANDARD = gnu99;
				GCC_NO_COMMON_BLOCKS = YES;
				GCC_WARN_64_TO_32_BIT_CONVERSION = YES;
				GCC_WARN_ABOUT_RETURN_TYPE = YES_ERROR;
				GCC_WARN_UNDECLARED_SELECTOR = YES;
				GCC_WARN_UNINITIALIZED_AUTOS = YES_AGGRESSIVE;
				GCC_WARN_UNUSED_FUNCTION = YES;
				GCC_WARN_UNUSED_VARIABLE = YES;
				IPHONEOS_DEPLOYMENT_TARGET = 9.3;
				MTL_ENABLE_DEBUG_INFO = NO;
				SDKROOT = iphoneos;
				TARGETED_DEVICE_FAMILY = "1,2";
				VALIDATE_PRODUCT = YES;
			};
			name = Release;
		};
		290FDFF21D6E0E9700D2B49A /* Debug */ = {
			isa = XCBuildConfiguration;
			buildSettings = {
				ASSETCATALOG_COMPILER_APPICON_NAME = AppIcon;
				INFOPLIST_FILE = GulfstreamProject/Info.plist;
				LD_RUNPATH_SEARCH_PATHS = "$(inherited) @executable_path/Frameworks";
				PRODUCT_BUNDLE_IDENTIFIER = gsproj.GulfstreamProject;
				PRODUCT_NAME = "$(TARGET_NAME)";
			};
			name = Debug;
		};
		290FDFF31D6E0E9700D2B49A /* Release */ = {
			isa = XCBuildConfiguration;
			buildSettings = {
				ASSETCATALOG_COMPILER_APPICON_NAME = AppIcon;
				INFOPLIST_FILE = GulfstreamProject/Info.plist;
				LD_RUNPATH_SEARCH_PATHS = "$(inherited) @executable_path/Frameworks";
				PRODUCT_BUNDLE_IDENTIFIER = gsproj.GulfstreamProject;
				PRODUCT_NAME = "$(TARGET_NAME)";
			};
			name = Release;
		};
/* End XCBuildConfiguration section */

/* Begin XCConfigurationList section */
		290FDFDA1D6E0E9700D2B49A /* Build configuration list for PBXProject "GulfstreamProject" */ = {
			isa = XCConfigurationList;
			buildConfigurations = (
				290FDFEF1D6E0E9700D2B49A /* Debug */,
				290FDFF01D6E0E9700D2B49A /* Release */,
			);
			defaultConfigurationIsVisible = 0;
			defaultConfigurationName = Release;
		};
		290FDFF11D6E0E9700D2B49A /* Build configuration list for PBXNativeTarget "GulfstreamProject" */ = {
			isa = XCConfigurationList;
			buildConfigurations = (
				290FDFF21D6E0E9700D2B49A /* Debug */,
				290FDFF31D6E0E9700D2B49A /* Release */,
			);
			defaultConfigurationIsVisible = 0;
			defaultConfigurationName = Release;
		};
/* End XCConfigurationList section */
	};
	rootObject = 290FDFD71D6E0E9700D2B49A /* Project object */;
}
